
Microsoft Visual Studio Solution File, Format Version 12.00
# Visual Studio 2013
VisualStudioVersion = 12.0.40629.0
MinimumVisualStudioVersion = 10.0.40219.1
Project("{8BC9CEB8-8B4A-11D0-8D11-00A0C91BC942}") = "cfnetwork_hsts", "src\cfnetwork_hsts\cfnetwork_hsts.vcxproj", "{ACC61C39-6CD8-424D-9436-6E6ADCA547DB}"
EndProject
Project("{8BC9CEB8-8B4A-11D0-8D11-00A0C91BC942}") = "cfnetwork_hook", "src\cfnetwork_hook\cfnetwork_hook.vcxproj", "{5EEB68E1-E6E3-4408-92D2-EED4933011E4}"
EndProject
Global
	GlobalSection(SolutionConfigurationPlatforms) = preSolution
		Debug|Win32 = Debug|Win32
		Release|Win32 = Release|Win32
	EndGlobalSection
	GlobalSection(ProjectConfigurationPlatforms) = postSolution
		{ACC61C39-6CD8-424D-9436-6E6ADCA547DB}.Debug|Win32.ActiveCfg = Debug|Win32
		{ACC61C39-6CD8-424D-9436-6E6ADCA547DB}.Debug|Win32.Build.0 = Debug|Win32
		{ACC61C39-6CD8-424D-9436-6E6ADCA547DB}.Release|Win32.ActiveCfg = Release|Win32
		{ACC61C39-6CD8-424D-9436-6E6ADCA547DB}.Release|Win32.Build.0 = Release|Win32
		{5EEB68E1-E6E3-4408-92D2-EED4933011E4}.Debug|Win32.ActiveCfg = Debug|Win32
		{5EEB68E1-E6E3-4408-92D2-EED4933011E4}.Debug|Win32.Build.0 = Debug|Win32
		{5EEB68E1-E6E3-4408-92D2-EED4933011E4}.Release|Win32.ActiveCfg = Release|Win32
		{5EEB68E1-E6E3-4408-92D2-EED4933011E4}.Release|Win32.Build.0 = Release|Win32
	EndGlobalSection
	GlobalSection(SolutionProperties) = preSolution
		HideSolutionNode = FALSE
	EndGlobalSection
EndGlobal
